// !$*UTF8*$!
{
	archiveVersion = 1;
	classes = {
	};
	objectVersion = 56;
	objects = {

/* Begin PBXBuildFile section */
		D9D686B32C7B1D3D002B5F46 /* AppDelegate.swift in Sources */ = {isa = PBXBuildFile; fileRef = D9D686B22C7B1D3D002B5F46 /* AppDelegate.swift */; };
		D9D686B52C7B1D3D002B5F46 /* SceneDelegate.swift in Sources */ = {isa = PBXBuildFile; fileRef = D9D686B42C7B1D3D002B5F46 /* SceneDelegate.swift */; };
		D9D686B72C7B1D3D002B5F46 /* ViewController.swift in Sources */ = {isa = PBXBuildFile; fileRef = D9D686B62C7B1D3D002B5F46 /* ViewController.swift */; };
		D9D686BA2C7B1D3D002B5F46 /* Base in Resources */ = {isa = PBXBuildFile; fileRef = D9D686B92C7B1D3D002B5F46 /* Base */; };
		D9D686BC2C7B1D40002B5F46 /* Assets.xcassets in Resources */ = {isa = PBXBuildFile; fileRef = D9D686BB2C7B1D40002B5F46 /* Assets.xcassets */; };
		D9D686BF2C7B1D40002B5F46 /* Base in Resources */ = {isa = PBXBuildFile; fileRef = D9D686BE2C7B1D40002B5F46 /* Base */; };
		D9D686CA2C7B1D40002B5F46 /* Map18Tests.swift in Sources */ = {isa = PBXBuildFile; fileRef = D9D686C92C7B1D40002B5F46 /* Map18Tests.swift */; };
		D9D686D42C7B1D40002B5F46 /* Map18UITests.swift in Sources */ = {isa = PBXBuildFile; fileRef = D9D686D32C7B1D40002B5F46 /* Map18UITests.swift */; };
		D9D686D62C7B1D40002B5F46 /* Map18UITestsLaunchTests.swift in Sources */ = {isa = PBXBuildFile; fileRef = D9D686D52C7B1D40002B5F46 /* Map18UITestsLaunchTests.swift */; };
/* End PBXBuildFile section */

/* Begin PBXContainerItemProxy section */
		D9D686C62C7B1D40002B5F46 /* PBXContainerItemProxy */ = {
			isa = PBXContainerItemProxy;
			containerPortal = D9D686A72C7B1D3C002B5F46 /* Project object */;
			proxyType = 1;
			remoteGlobalIDString = D9D686AE2C7B1D3D002B5F46;
			remoteInfo = Map18;
		};
		D9D686D02C7B1D40002B5F46 /* PBXContainerItemProxy */ = {
			isa = PBXContainerItemProxy;
			containerPortal = D9D686A72C7B1D3C002B5F46 /* Project object */;
			proxyType = 1;
			remoteGlobalIDString = D9D686AE2C7B1D3D002B5F46;
			remoteInfo = Map18;
		};
/* End PBXContainerItemProxy section */

/* Begin PBXFileReference section */
		D9D686AF2C7B1D3D002B5F46 /* Map18.app */ = {isa = PBXFileReference; explicitFileType = wrapper.application; includeInIndex = 0; path = Map18.app; sourceTree = BUILT_PRODUCTS_DIR; };
		D9D686B22C7B1D3D002B5F46 /* AppDelegate.swift */ = {isa = PBXFileReference; lastKnownFileType = sourcecode.swift; path = AppDelegate.swift; sourceTree = "<group>"; };
		D9D686B42C7B1D3D002B5F46 /* SceneDelegate.swift */ = {isa = PBXFileReference; lastKnownFileType = sourcecode.swift; path = SceneDelegate.swift; sourceTree = "<group>"; };
		D9D686B62C7B1D3D002B5F46 /* ViewController.swift */ = {isa = PBXFileReference; lastKnownFileType = sourcecode.swift; path = ViewController.swift; sourceTree = "<group>"; };
		D9D686B92C7B1D3D002B5F46 /* Base */ = {isa = PBXFileReference; lastKnownFileType = file.storyboard; name = Base; path = Base.lproj/Main.storyboard; sourceTree = "<group>"; };
		D9D686BB2C7B1D40002B5F46 /* Assets.xcassets */ = {isa = PBXFileReference; lastKnownFileType = folder.assetcatalog; path = Assets.xcassets; sourceTree = "<group>"; };
		D9D686BE2C7B1D40002B5F46 /* Base */ = {isa = PBXFileReference; lastKnownFileType = file.storyboard; name = Base; path = Base.lproj/LaunchScreen.storyboard; sourceTree = "<group>"; };
		D9D686C02C7B1D40002B5F46 /* Info.plist */ = {isa = PBXFileReference; lastKnownFileType = text.plist.xml; path = Info.plist; sourceTree = "<group>"; };
		D9D686C52C7B1D40002B5F46 /* Map18Tests.xctest */ = {isa = PBXFileReference; explicitFileType = wrapper.cfbundle; includeInIndex = 0; path = Map18Tests.xctest; sourceTree = BUILT_PRODUCTS_DIR; };
		D9D686C92C7B1D40002B5F46 /* Map18Tests.swift */ = {isa = PBXFileReference; lastKnownFileType = sourcecode.swift; path = Map18Tests.swift; sourceTree = "<group>"; };
		D9D686CF2C7B1D40002B5F46 /* Map18UITests.xctest */ = {isa = PBXFileReference; explicitFileType = wrapper.cfbundle; includeInIndex = 0; path = Map18UITests.xctest; sourceTree = BUILT_PRODUCTS_DIR; };
		D9D686D32C7B1D40002B5F46 /* Map18UITests.swift */ = {isa = PBXFileReference; lastKnownFileType = sourcecode.swift; path = Map18UITests.swift; sourceTree = "<group>"; };
		D9D686D52C7B1D40002B5F46 /* Map18UITestsLaunchTests.swift */ = {isa = PBXFileReference; lastKnownFileType = sourcecode.swift; path = Map18UITestsLaunchTests.swift; sourceTree = "<group>"; };
/* End PBXFileReference section */

/* Begin PBXFrameworksBuildPhase section */
		D9D686AC2C7B1D3D002B5F46 /* Frameworks */ = {
			isa = PBXFrameworksBuildPhase;
			buildActionMask = 2147483647;
			files = (
			);
			runOnlyForDeploymentPostprocessing = 0;
		};
		D9D686C22C7B1D40002B5F46 /* Frameworks */ = {
			isa = PBXFrameworksBuildPhase;
			buildActionMask = 2147483647;
			files = (
			);
			runOnlyForDeploymentPostprocessing = 0;
		};
		D9D686CC2C7B1D40002B5F46 /* Frameworks */ = {
			isa = PBXFrameworksBuildPhase;
			buildActionMask = 2147483647;
			files = (
			);
			runOnlyForDeploymentPostprocessing = 0;
		};
/* End PBXFrameworksBuildPhase section */

/* Begin PBXGroup section */
		D9D686A62C7B1D3C002B5F46 = {
			isa = PBXGroup;
			children = (
				D9D686B12C7B1D3D002B5F46 /* Map18 */,
				D9D686C82C7B1D40002B5F46 /* Map18Tests */,
				D9D686D22C7B1D40002B5F46 /* Map18UITests */,
				D9D686B02C7B1D3D002B5F46 /* Products */,
			);
			sourceTree = "<group>";
		};
		D9D686B02C7B1D3D002B5F46 /* Products */ = {
			isa = PBXGroup;
			children = (
				D9D686AF2C7B1D3D002B5F46 /* Map18.app */,
				D9D686C52C7B1D40002B5F46 /* Map18Tests.xctest */,
				D9D686CF2C7B1D40002B5F46 /* Map18UITests.xctest */,
			);
			name = Products;
			sourceTree = "<group>";
		};
		D9D686B12C7B1D3D002B5F46 /* Map18 */ = {
			isa = PBXGroup;
			children = (
				D9D686B22C7B1D3D002B5F46 /* AppDelegate.swift */,
				D9D686B42C7B1D3D002B5F46 /* SceneDelegate.swift */,
				D9D686B62C7B1D3D002B5F46 /* ViewController.swift */,
				D9D686B82C7B1D3D002B5F46 /* Main.storyboard */,
				D9D686BB2C7B1D40002B5F46 /* Assets.xcassets */,
				D9D686BD2C7B1D40002B5F46 /* LaunchScreen.storyboard */,
				D9D686C02C7B1D40002B5F46 /* Info.plist */,
			);
			path = Map18;
			sourceTree = "<group>";
		};
		D9D686C82C7B1D40002B5F46 /* Map18Tests */ = {
			isa = PBXGroup;
			children = (
				D9D686C92C7B1D40002B5F46 /* Map18Tests.swift */,
			);
			path = Map18Tests;
			sourceTree = "<group>";
		};
		D9D686D22C7B1D40002B5F46 /* Map18UITests */ = {
			isa = PBXGroup;
			children = (
				D9D686D32C7B1D40002B5F46 /* Map18UITests.swift */,
				D9D686D52C7B1D40002B5F46 /* Map18UITestsLaunchTests.swift */,
			);
			path = Map18UITests;
			sourceTree = "<group>";
		};
/* End PBXGroup section */

/* Begin PBXNativeTarget section */
		D9D686AE2C7B1D3D002B5F46 /* Map18 */ = {
			isa = PBXNativeTarget;
			buildConfigurationList = D9D686D92C7B1D40002B5F46 /* Build configuration list for PBXNativeTarget "Map18" */;
			buildPhases = (
				D9D686AB2C7B1D3D002B5F46 /* Sources */,
				D9D686AC2C7B1D3D002B5F46 /* Frameworks */,
				D9D686AD2C7B1D3D002B5F46 /* Resources */,
			);
			buildRules = (
			);
			dependencies = (
			);
			name = Map18;
			productName = Map18;
			productReference = D9D686AF2C7B1D3D002B5F46 /* Map18.app */;
			productType = "com.apple.product-type.application";
		};
		D9D686C42C7B1D40002B5F46 /* Map18Tests */ = {
			isa = PBXNativeTarget;
			buildConfigurationList = D9D686DC2C7B1D40002B5F46 /* Build configuration list for PBXNativeTarget "Map18Tests" */;
			buildPhases = (
				D9D686C12C7B1D40002B5F46 /* Sources */,
				D9D686C22C7B1D40002B5F46 /* Frameworks */,
				D9D686C32C7B1D40002B5F46 /* Resources */,
			);
			buildRules = (
			);
			dependencies = (
				D9D686C72C7B1D40002B5F46 /* PBXTargetDependency */,
			);
			name = Map18Tests;
			productName = Map18Tests;
			productReference = D9D686C52C7B1D40002B5F46 /* Map18Tests.xctest */;
			productType = "com.apple.product-type.bundle.unit-test";
		};
		D9D686CE2C7B1D40002B5F46 /* Map18UITests */ = {
			isa = PBXNativeTarget;
			buildConfigurationList = D9D686DF2C7B1D40002B5F46 /* Build configuration list for PBXNativeTarget "Map18UITests" */;
			buildPhases = (
				D9D686CB2C7B1D40002B5F46 /* Sources */,
				D9D686CC2C7B1D40002B5F46 /* Frameworks */,
				D9D686CD2C7B1D40002B5F46 /* Resources */,
			);
			buildRules = (
			);
			dependencies = (
				D9D686D12C7B1D40002B5F46 /* PBXTargetDependency */,
			);
			name = Map18UITests;
			productName = Map18UITests;
			productReference = D9D686CF2C7B1D40002B5F46 /* Map18UITests.xctest */;
			productType = "com.apple.product-type.bundle.ui-testing";
		};
/* End PBXNativeTarget section */

/* Begin PBXProject section */
		D9D686A72C7B1D3C002B5F46 /* Project object */ = {
			isa = PBXProject;
			attributes = {
				BuildIndependentTargetsInParallel = 1;
				LastSwiftUpdateCheck = 1540;
				LastUpgradeCheck = 1540;
				TargetAttributes = {
					D9D686AE2C7B1D3D002B5F46 = {
						CreatedOnToolsVersion = 15.4;
					};
					D9D686C42C7B1D40002B5F46 = {
						CreatedOnToolsVersion = 15.4;
						TestTargetID = D9D686AE2C7B1D3D002B5F46;
					};
					D9D686CE2C7B1D40002B5F46 = {
						CreatedOnToolsVersion = 15.4;
						TestTargetID = D9D686AE2C7B1D3D002B5F46;
					};
				};
			};
			buildConfigurationList = D9D686AA2C7B1D3C002B5F46 /* Build configuration list for PBXProject "Map18" */;
			compatibilityVersion = "Xcode 14.0";
			developmentRegion = en;
			hasScannedForEncodings = 0;
			knownRegions = (
				en,
				Base,
			);
			mainGroup = D9D686A62C7B1D3C002B5F46;
			productRefGroup = D9D686B02C7B1D3D002B5F46 /* Products */;
			projectDirPath = "";
			projectRoot = "";
			targets = (
				D9D686AE2C7B1D3D002B5F46 /* Map18 */,
				D9D686C42C7B1D40002B5F46 /* Map18Tests */,
				D9D686CE2C7B1D40002B5F46 /* Map18UITests */,
			);
		};
/* End PBXProject section */

/* Begin PBXResourcesBuildPhase section */
		D9D686AD2C7B1D3D002B5F46 /* Resources */ = {
			isa = PBXResourcesBuildPhase;
			buildActionMask = 2147483647;
			files = (
				D9D686BC2C7B1D40002B5F46 /* Assets.xcassets in Resources */,
				D9D686BF2C7B1D40002B5F46 /* Base in Resources */,
				D9D686BA2C7B1D3D002B5F46 /* Base in Resources */,
			);
			runOnlyForDeploymentPostprocessing = 0;
		};
		D9D686C32C7B1D40002B5F46 /* Resources */ = {
			isa = PBXResourcesBuildPhase;
			buildActionMask = 2147483647;
			files = (
			);
			runOnlyForDeploymentPostprocessing = 0;
		};
		D9D686CD2C7B1D40002B5F46 /* Resources */ = {
			isa = PBXResourcesBuildPhase;
			buildActionMask = 2147483647;
			files = (
			);
			runOnlyForDeploymentPostprocessing = 0;
		};
/* End PBXResourcesBuildPhase section */

/* Begin PBXSourcesBuildPhase section */
		D9D686AB2C7B1D3D002B5F46 /* Sources */ = {
			isa = PBXSourcesBuildPhase;
			buildActionMask = 2147483647;
			files = (
				D9D686B72C7B1D3D002B5F46 /* ViewController.swift in Sources */,
				D9D686B32C7B1D3D002B5F46 /* AppDelegate.swift in Sources */,
				D9D686B52C7B1D3D002B5F46 /* SceneDelegate.swift in Sources */,
			);
			runOnlyForDeploymentPostprocessing = 0;
		};
		D9D686C12C7B1D40002B5F46 /* Sources */ = {
			isa = PBXSourcesBuildPhase;
			buildActionMask = 2147483647;
			files = (
				D9D686CA2C7B1D40002B5F46 /* Map18Tests.swift in Sources */,
			);
			runOnlyForDeploymentPostprocessing = 0;
		};
		D9D686CB2C7B1D40002B5F46 /* Sources */ = {
			isa = PBXSourcesBuildPhase;
			buildActionMask = 2147483647;
			files = (
				D9D686D62C7B1D40002B5F46 /* Map18UITestsLaunchTests.swift in Sources */,
				D9D686D42C7B1D40002B5F46 /* Map18UITests.swift in Sources */,
			);
			runOnlyForDeploymentPostprocessing = 0;
		};
/* End PBXSourcesBuildPhase section */

/* Begin PBXTargetDependency section */
		D9D686C72C7B1D40002B5F46 /* PBXTargetDependency */ = {
			isa = PBXTargetDependency;
			target = D9D686AE2C7B1D3D002B5F46 /* Map18 */;
			targetProxy = D9D686C62C7B1D40002B5F46 /* PBXContainerItemProxy */;
		};
		D9D686D12C7B1D40002B5F46 /* PBXTargetDependency */ = {
			isa = PBXTargetDependency;
			target = D9D686AE2C7B1D3D002B5F46 /* Map18 */;
			targetProxy = D9D686D02C7B1D40002B5F46 /* PBXContainerItemProxy */;
		};
/* End PBXTargetDependency section */

/* Begin PBXVariantGroup section */
		D9D686B82C7B1D3D002B5F46 /* Main.storyboard */ = {
			isa = PBXVariantGroup;
			children = (
				D9D686B92C7B1D3D002B5F46 /* Base */,
			);
			name = Main.storyboard;
			sourceTree = "<group>";
		};
		D9D686BD2C7B1D40002B5F46 /* LaunchScreen.storyboard */ = {
			isa = PBXVariantGroup;
			children = (
				D9D686BE2C7B1D40002B5F46 /* Base */,
			);
			name = LaunchScreen.storyboard;
			sourceTree = "<group>";
		};
/* End PBXVariantGroup section */

/* Begin XCBuildConfiguration section */
		D9D686D72C7B1D40002B5F46 /* Debug */ = {
			isa = XCBuildConfiguration;
			buildSettings = {
				ALWAYS_SEARCH_USER_PATHS = NO;
				ASSETCATALOG_COMPILER_GENERATE_SWIFT_ASSET_SYMBOL_EXTENSIONS = YES;
				CLANG_ANALYZER_NONNULL = YES;
				CLANG_ANALYZER_NUMBER_OBJECT_CONVERSION = YES_AGGRESSIVE;
				CLANG_CXX_LANGUAGE_STANDARD = "gnu++20";
				CLANG_ENABLE_MODULES = YES;
				CLANG_ENABLE_OBJC_ARC = YES;
				CLANG_ENABLE_OBJC_WEAK = YES;
				CLANG_WARN_BLOCK_CAPTURE_AUTORELEASING = YES;
				CLANG_WARN_BOOL_CONVERSION = YES;
				CLANG_WARN_COMMA = YES;
				CLANG_WARN_CONSTANT_CONVERSION = YES;
				CLANG_WARN_DEPRECATED_OBJC_IMPLEMENTATIONS = YES;
				CLANG_WARN_DIRECT_OBJC_ISA_USAGE = YES_ERROR;
				CLANG_WARN_DOCUMENTATION_COMMENTS = YES;
				CLANG_WARN_EMPTY_BODY = YES;
				CLANG_WARN_ENUM_CONVERSION = YES;
				CLANG_WARN_INFINITE_RECURSION = YES;
				CLANG_WARN_INT_CONVERSION = YES;
				CLANG_WARN_NON_LITERAL_NULL_CONVERSION = YES;
				CLANG_WARN_OBJC_IMPLICIT_RETAIN_SELF = YES;
				CLANG_WARN_OBJC_LITERAL_CONVERSION = YES;
				CLANG_WARN_OBJC_ROOT_CLASS = YES_ERROR;
				CLANG_WARN_QUOTED_INCLUDE_IN_FRAMEWORK_HEADER = YES;
				CLANG_WARN_RANGE_LOOP_ANALYSIS = YES;
				CLANG_WARN_STRICT_PROTOTYPES = YES;
				CLANG_WARN_SUSPICIOUS_MOVE = YES;
				CLANG_WARN_UNGUARDED_AVAILABILITY = YES_AGGRESSIVE;
				CLANG_WARN_UNREACHABLE_CODE = YES;
				CLANG_WARN__DUPLICATE_METHOD_MATCH = YES;
				COPY_PHASE_STRIP = NO;
				DEBUG_INFORMATION_FORMAT = dwarf;
				ENABLE_STRICT_OBJC_MSGSEND = YES;
				ENABLE_TESTABILITY = YES;
				ENABLE_USER_SCRIPT_SANDBOXING = YES;
				GCC_C_LANGUAGE_STANDARD = gnu17;
				GCC_DYNAMIC_NO_PIC = NO;
				GCC_NO_COMMON_BLOCKS = YES;
				GCC_OPTIMIZATION_LEVEL = 0;
				GCC_PREPROCESSOR_DEFINITIONS = (
					"DEBUG=1",
					"$(inherited)",
				);
				GCC_WARN_64_TO_32_BIT_CONVERSION = YES;
				GCC_WARN_ABOUT_RETURN_TYPE = YES_ERROR;
				GCC_WARN_UNDECLARED_SELECTOR = YES;
				GCC_WARN_UNINITIALIZED_AUTOS = YES_AGGRESSIVE;
				GCC_WARN_UNUSED_FUNCTION = YES;
				GCC_WARN_UNUSED_VARIABLE = YES;
				IPHONEOS_DEPLOYMENT_TARGET = 17.5;
				LOCALIZATION_PREFERS_STRING_CATALOGS = YES;
				MTL_ENABLE_DEBUG_INFO = INCLUDE_SOURCE;
				MTL_FAST_MATH = YES;
				ONLY_ACTIVE_ARCH = YES;
				SDKROOT = iphoneos;
				SWIFT_ACTIVE_COMPILATION_CONDITIONS = "DEBUG $(inherited)";
				SWIFT_OPTIMIZATION_LEVEL = "-Onone";
			};
			name = Debug;
		};
		D9D686D82C7B1D40002B5F46 /* Release */ = {
			isa = XCBuildConfiguration;
			buildSettings = {
				ALWAYS_SEARCH_USER_PATHS = NO;
				ASSETCATALOG_COMPILER_GENERATE_SWIFT_ASSET_SYMBOL_EXTENSIONS = YES;
				CLANG_ANALYZER_NONNULL = YES;
				CLANG_ANALYZER_NUMBER_OBJECT_CONVERSION = YES_AGGRESSIVE;
				CLANG_CXX_LANGUAGE_STANDARD = "gnu++20";
				CLANG_ENABLE_MODULES = YES;
				CLANG_ENABLE_OBJC_ARC = YES;
				CLANG_ENABLE_OBJC_WEAK = YES;
				CLANG_WARN_BLOCK_CAPTURE_AUTORELEASING = YES;
				CLANG_WARN_BOOL_CONVERSION = YES;
				CLANG_WARN_COMMA = YES;
				CLANG_WARN_CONSTANT_CONVERSION = YES;
				CLANG_WARN_DEPRECATED_OBJC_IMPLEMENTATIONS = YES;
				CLANG_WARN_DIRECT_OBJC_ISA_USAGE = YES_ERROR;
				CLANG_WARN_DOCUMENTATION_COMMENTS = YES;
				CLANG_WARN_EMPTY_BODY = YES;
				CLANG_WARN_ENUM_CONVERSION = YES;
				CLANG_WARN_INFINITE_RECURSION = YES;
				CLANG_WARN_INT_CONVERSION = YES;
				CLANG_WARN_NON_LITERAL_NULL_CONVERSION = YES;
				CLANG_WARN_OBJC_IMPLICIT_RETAIN_SELF = YES;
				CLANG_WARN_OBJC_LITERAL_CONVERSION = YES;
				CLANG_WARN_OBJC_ROOT_CLASS = YES_ERROR;
				CLANG_WARN_QUOTED_INCLUDE_IN_FRAMEWORK_HEADER = YES;
				CLANG_WARN_RANGE_LOOP_ANALYSIS = YES;
				CLANG_WARN_STRICT_PROTOTYPES = YES;
				CLANG_WARN_SUSPICIOUS_MOVE = YES;
				CLANG_WARN_UNGUARDED_AVAILABILITY = YES_AGGRESSIVE;
				CLANG_WARN_UNREACHABLE_CODE = YES;
				CLANG_WARN__DUPLICATE_METHOD_MATCH = YES;
				COPY_PHASE_STRIP = NO;
				DEBUG_INFORMATION_FORMAT = "dwarf-with-dsym";
				ENABLE_NS_ASSERTIONS = NO;
				ENABLE_STRICT_OBJC_MSGSEND = YES;
				ENABLE_USER_SCRIPT_SANDBOXING = YES;
				GCC_C_LANGUAGE_STANDARD = gnu17;
				GCC_NO_COMMON_BLOCKS = YES;
				GCC_WARN_64_TO_32_BIT_CONVERSION = YES;
				GCC_WARN_ABOUT_RETURN_TYPE = YES_ERROR;
				GCC_WARN_UNDECLARED_SELECTOR = YES;
				GCC_WARN_UNINITIALIZED_AUTOS = YES_AGGRESSIVE;
				GCC_WARN_UNUSED_FUNCTION = YES;
				GCC_WARN_UNUSED_VARIABLE = YES;
				IPHONEOS_DEPLOYMENT_TARGET = 17.5;
				LOCALIZATION_PREFERS_STRING_CATALOGS = YES;
				MTL_ENABLE_DEBUG_INFO = NO;
				MTL_FAST_MATH = YES;
				SDKROOT = iphoneos;
				SWIFT_COMPILATION_MODE = wholemodule;
				VALIDATE_PRODUCT = YES;
			};
			name = Release;
		};
		D9D686DA2C7B1D40002B5F46 /* Debug */ = {
			isa = XCBuildConfiguration;
			buildSettings = {
				ASSETCATALOG_COMPILER_APPICON_NAME = AppIcon;
				ASSETCATALOG_COMPILER_GLOBAL_ACCENT_COLOR_NAME = AccentColor;
				CODE_SIGN_STYLE = Automatic;
				CURRENT_PROJECT_VERSION = 1;
				DEVELOPMENT_TEAM = ZEGKHH88QJ;
				GENERATE_INFOPLIST_FILE = YES;
				INFOPLIST_FILE = Map18/Info.plist;
				INFOPLIST_KEY_UIApplicationSupportsIndirectInputEvents = YES;
				INFOPLIST_KEY_UILaunchStoryboardName = LaunchScreen;
				INFOPLIST_KEY_UIMainStoryboardFile = Main;
				INFOPLIST_KEY_UISupportedInterfaceOrientations_iPad = "UIInterfaceOrientationPortrait UIInterfaceOrientationPortraitUpsideDown UIInterfaceOrientationLandscapeLeft UIInterfaceOrientationLandscapeRight";
				INFOPLIST_KEY_UISupportedInterfaceOrientations_iPhone = "UIInterfaceOrientationPortrait UIInterfaceOrientationLandscapeLeft UIInterfaceOrientationLandscapeRight";
				LD_RUNPATH_SEARCH_PATHS = (
					"$(inherited)",
					"@executable_path/Frameworks",
				);
				MARKETING_VERSION = 1.0;
				PRODUCT_BUNDLE_IDENTIFIER = edu.idd.Map18;
				PRODUCT_NAME = "$(TARGET_NAME)";
				SWIFT_EMIT_LOC_STRINGS = YES;
				SWIFT_VERSION = 5.0;
				TARGETED_DEVICE_FAMILY = "1,2";
			};
			name = Debug;
		};
		D9D686DB2C7B1D40002B5F46 /* Release */ = {
			isa = XCBuildConfiguration;
			buildSettings = {
				ASSETCATALOG_COMPILER_APPICON_NAME = AppIcon;
				ASSETCATALOG_COMPILER_GLOBAL_ACCENT_COLOR_NAME = AccentColor;
				CODE_SIGN_STYLE = Automatic;
				CURRENT_PROJECT_VERSION = 1;
				DEVELOPMENT_TEAM = ZEGKHH88QJ;
				GENERATE_INFOPLIST_FILE = YES;
				INFOPLIST_FILE = Map18/Info.plist;
				INFOPLIST_KEY_UIApplicationSupportsIndirectInputEvents = YES;
				INFOPLIST_KEY_UILaunchStoryboardName = LaunchScreen;
				INFOPLIST_KEY_UIMainStoryboardFile = Main;
				INFOPLIST_KEY_UISupportedInterfaceOrientations_iPad = "UIInterfaceOrientationPortrait UIInterfaceOrientationPortraitUpsideDown UIInterfaceOrientationLandscapeLeft UIInterfaceOrientationLandscapeRight";
				INFOPLIST_KEY_UISupportedInterfaceOrientations_iPhone = "UIInterfaceOrientationPortrait UIInterfaceOrientationLandscapeLeft UIInterfaceOrientationLandscapeRight";
				LD_RUNPATH_SEARCH_PATHS = (
					"$(inherited)",
					"@executable_path/Frameworks",
				);
				MARKETING_VERSION = 1.0;
				PRODUCT_BUNDLE_IDENTIFIER = edu.idd.Map18;
				PRODUCT_NAME = "$(TARGET_NAME)";
				SWIFT_EMIT_LOC_STRINGS = YES;
				SWIFT_VERSION = 5.0;
				TARGETED_DEVICE_FAMILY = "1,2";
			};
			name = Release;
		};
		D9D686DD2C7B1D40002B5F46 /* Debug */ = {
			isa = XCBuildConfiguration;
			buildSettings = {
				ALWAYS_EMBED_SWIFT_STANDARD_LIBRARIES = YES;
				BUNDLE_LOADER = "$(TEST_HOST)";
				CODE_SIGN_STYLE = Automatic;
				CURRENT_PROJECT_VERSION = 1;
				DEVELOPMENT_TEAM = ZEGKHH88QJ;
				GENERATE_INFOPLIST_FILE = YES;
				IPHONEOS_DEPLOYMENT_TARGET = 17.5;
				MARKETING_VERSION = 1.0;
				PRODUCT_BUNDLE_IDENTIFIER = edu.idd.Map18Tests;
				PRODUCT_NAME = "$(TARGET_NAME)";
				SWIFT_EMIT_LOC_STRINGS = NO;
				SWIFT_VERSION = 5.0;
				TARGETED_DEVICE_FAMILY = "1,2";
				TEST_HOST = "$(BUILT_PRODUCTS_DIR)/Map18.app/$(BUNDLE_EXECUTABLE_FOLDER_PATH)/Map18";
			};
			name = Debug;
		};
		D9D686DE2C7B1D40002B5F46 /* Release */ = {
			isa = XCBuildConfiguration;
			buildSettings = {
				ALWAYS_EMBED_SWIFT_STANDARD_LIBRARIES = YES;
				BUNDLE_LOADER = "$(TEST_HOST)";
				CODE_SIGN_STYLE = Automatic;
				CURRENT_PROJECT_VERSION = 1;
				DEVELOPMENT_TEAM = ZEGKHH88QJ;
				GENERATE_INFOPLIST_FILE = YES;
				IPHONEOS_DEPLOYMENT_TARGET = 17.5;
				MARKETING_VERSION = 1.0;
				PRODUCT_BUNDLE_IDENTIFIER = edu.idd.Map18Tests;
				PRODUCT_NAME = "$(TARGET_NAME)";
				SWIFT_EMIT_LOC_STRINGS = NO;
				SWIFT_VERSION = 5.0;
				TARGETED_DEVICE_FAMILY = "1,2";
				TEST_HOST = "$(BUILT_PRODUCTS_DIR)/Map18.app/$(BUNDLE_EXECUTABLE_FOLDER_PATH)/Map18";
			};
			name = Release;
		};
		D9D686E02C7B1D40002B5F46 /* Debug */ = {
			isa = XCBuildConfiguration;
			buildSettings = {
				ALWAYS_EMBED_SWIFT_STANDARD_LIBRARIES = YES;
				CODE_SIGN_STYLE = Automatic;
				CURRENT_PROJECT_VERSION = 1;
				DEVELOPMENT_TEAM = ZEGKHH88QJ;
				GENERATE_INFOPLIST_FILE = YES;
				MARKETING_VERSION = 1.0;
				PRODUCT_BUNDLE_IDENTIFIER = edu.idd.Map18UITests;
				PRODUCT_NAME = "$(TARGET_NAME)";
				SWIFT_EMIT_LOC_STRINGS = NO;
				SWIFT_VERSION = 5.0;
				TARGETED_DEVICE_FAMILY = "1,2";
				TEST_TARGET_NAME = Map18;
			};
			name = Debug;
		};
		D9D686E12C7B1D40002B5F46 /* Release */ = {
			isa = XCBuildConfiguration;
			buildSettings = {
				ALWAYS_EMBED_SWIFT_STANDARD_LIBRARIES = YES;
				CODE_SIGN_STYLE = Automatic;
				CURRENT_PROJECT_VERSION = 1;
				DEVELOPMENT_TEAM = ZEGKHH88QJ;
				GENERATE_INFOPLIST_FILE = YES;
				MARKETING_VERSION = 1.0;
				PRODUCT_BUNDLE_IDENTIFIER = edu.idd.Map18UITests;
				PRODUCT_NAME = "$(TARGET_NAME)";
				SWIFT_EMIT_LOC_STRINGS = NO;
				SWIFT_VERSION = 5.0;
				TARGETED_DEVICE_FAMILY = "1,2";
				TEST_TARGET_NAME = Map18;
			};
			name = Release;
		};
/* End XCBuildConfiguration section */

/* Begin XCConfigurationList section */
		D9D686AA2C7B1D3C002B5F46 /* Build configuration list for PBXProject "Map18" */ = {
			isa = XCConfigurationList;
			buildConfigurations = (
				D9D686D72C7B1D40002B5F46 /* Debug */,
				D9D686D82C7B1D40002B5F46 /* Release */,
			);
			defaultConfigurationIsVisible = 0;
			defaultConfigurationName = Release;
		};
		D9D686D92C7B1D40002B5F46 /* Build configuration list for PBXNativeTarget "Map18" */ = {
			isa = XCConfigurationList;
			buildConfigurations = (
				D9D686DA2C7B1D40002B5F46 /* Debug */,
				D9D686DB2C7B1D40002B5F46 /* Release */,
			);
			defaultConfigurationIsVisible = 0;
			defaultConfigurationName = Release;
		};
		D9D686DC2C7B1D40002B5F46 /* Build configuration list for PBXNativeTarget "Map18Tests" */ = {
			isa = XCConfigurationList;
			buildConfigurations = (
				D9D686DD2C7B1D40002B5F46 /* Debug */,
				D9D686DE2C7B1D40002B5F46 /* Release */,
			);
			defaultConfigurationIsVisible = 0;
			defaultConfigurationName = Release;
		};
		D9D686DF2C7B1D40002B5F46 /* Build configuration list for PBXNativeTarget "Map18UITests" */ = {
			isa = XCConfigurationList;
			buildConfigurations = (
				D9D686E02C7B1D40002B5F46 /* Debug */,
				D9D686E12C7B1D40002B5F46 /* Release */,
			);
			defaultConfigurationIsVisible = 0;
			defaultConfigurationName = Release;
		};
/* End XCConfigurationList section */
	};
	rootObject = D9D686A72C7B1D3C002B5F46 /* Project object */;
}
